
Microsoft Visual Studio Solution File, Format Version 12.00
# Visual Studio Version 17
VisualStudioVersion = 17.8.34511.84
MinimumVisualStudioVersion = 10.0.40219.1
Project("{FAE04EC0-301F-11D3-BF4B-00C04F79EFBC}") = "SteamReplica", "SteamReplica\SteamReplica.csproj", "{6DE831EB-1916-44D2-8A13-A08A16430330}"
EndProject
Global
	GlobalSection(SolutionConfigurationPlatforms) = preSolution
		Debug|Any CPU = Debug|Any CPU
		Release|Any CPU = Release|Any CPU
	EndGlobalSection
	GlobalSection(ProjectConfigurationPlatforms) = postSolution
		{6DE831EB-1916-44D2-8A13-A08A16430330}.Debug|Any CPU.ActiveCfg = Debug|Any CPU
		{6DE831EB-1916-44D2-8A13-A08A16430330}.Debug|Any CPU.Build.0 = Debug|Any CPU
		{6DE831EB-1916-44D2-8A13-A08A16430330}.Release|Any CPU.ActiveCfg = Release|Any CPU
		{6DE831EB-1916-44D2-8A13-A08A16430330}.Release|Any CPU.Build.0 = Release|Any CPU
	EndGlobalSection
	GlobalSection(SolutionProperties) = preSolution
		HideSolutionNode = FALSE
	EndGlobalSection
	GlobalSection(ExtensibilityGlobals) = postSolution
		SolutionGuid = {386CFE94-598B-4AA2-A012-FE5107F8AF78}
	EndGlobalSection
EndGlobal
